{
  "name": "acnh-explorer",
  "version": "0.0.1",
  "lockfileVersion": 1,
  "requires": true,
  "dependencies": {
    "esbuild": {
      "version": "0.6.3",
      "resolved": "https://registry.npmjs.org/esbuild/-/esbuild-0.6.3.tgz",
      "integrity": "sha512-4lHgz/EvGLRQnDYzzrvW+eilaPHim5pCLz4mP0k0QIalD/n8Ji2NwQwoIa1uX+yKkbn9R/FAZvaEbodjx55rDg=="
    },
    "preact": {
      "version": "10.4.6",
      "resolved": "https://registry.npmjs.org/preact/-/preact-10.4.6.tgz",
      "integrity": "sha512-80WJfXH53yyINig5Wza/8MD9n4lMg9G6aN00ws0ptsAaY/Fu/M7xW4zICf7OLfocVltxS30wvNQ8oIbUyZS1tw=="
    }
  }
}
